// !$*UTF8*$!
{
	archiveVersion = 1;
	classes = {
	};
	objectVersion = 55;
	objects = {

/* Begin PBXBuildFile section */
		847F0A13273522ED00279B06 /* WatchOS Workout WatchKit App.app in Embed Watch Content */ = {isa = PBXBuildFile; fileRef = 847F0A12273522ED00279B06 /* WatchOS Workout WatchKit App.app */; settings = {ATTRIBUTES = (RemoveHeadersOnCopy, ); }; };
		847F0A18273522EE00279B06 /* Assets.xcassets in Resources */ = {isa = PBXBuildFile; fileRef = 847F0A17273522EE00279B06 /* Assets.xcassets */; };
		847F0A1E273522EF00279B06 /* WatchOS Workout WatchKit Extension.appex in Embed App Extensions */ = {isa = PBXBuildFile; fileRef = 847F0A1D273522EF00279B06 /* WatchOS Workout WatchKit Extension.appex */; settings = {ATTRIBUTES = (RemoveHeadersOnCopy, ); }; };
		847F0A23273522EF00279B06 /* WatchOS_WorkoutApp.swift in Sources */ = {isa = PBXBuildFile; fileRef = 847F0A22273522EF00279B06 /* WatchOS_WorkoutApp.swift */; };
		847F0A25273522EF00279B06 /* StartView.swift in Sources */ = {isa = PBXBuildFile; fileRef = 847F0A24273522EF00279B06 /* StartView.swift */; };
		847F0A27273522EF00279B06 /* NotificationController.swift in Sources */ = {isa = PBXBuildFile; fileRef = 847F0A26273522EF00279B06 /* NotificationController.swift */; };
		847F0A29273522EF00279B06 /* NotificationView.swift in Sources */ = {isa = PBXBuildFile; fileRef = 847F0A28273522EF00279B06 /* NotificationView.swift */; };
		847F0A2B273522EF00279B06 /* ComplicationController.swift in Sources */ = {isa = PBXBuildFile; fileRef = 847F0A2A273522EF00279B06 /* ComplicationController.swift */; };
		847F0A2D273522F000279B06 /* Assets.xcassets in Resources */ = {isa = PBXBuildFile; fileRef = 847F0A2C273522F000279B06 /* Assets.xcassets */; };
		847F0A30273522F000279B06 /* Preview Assets.xcassets in Resources */ = {isa = PBXBuildFile; fileRef = 847F0A2F273522F000279B06 /* Preview Assets.xcassets */; };
		847F0A492735256300279B06 /* HKWorkoutActivityType+Identifiable.swift in Sources */ = {isa = PBXBuildFile; fileRef = 847F0A482735256300279B06 /* HKWorkoutActivityType+Identifiable.swift */; };
		847F0A4D2735291800279B06 /* SessionPagingView.swift in Sources */ = {isa = PBXBuildFile; fileRef = 847F0A4C2735291800279B06 /* SessionPagingView.swift */; };
		847F0A50273529BD00279B06 /* Tab.swift in Sources */ = {isa = PBXBuildFile; fileRef = 847F0A4F273529BD00279B06 /* Tab.swift */; };
/* End PBXBuildFile section */

/* Begin PBXContainerItemProxy section */
		847F0A14273522ED00279B06 /* PBXContainerItemProxy */ = {
			isa = PBXContainerItemProxy;
			containerPortal = 847F0A08273522EC00279B06 /* Project object */;
			proxyType = 1;
			remoteGlobalIDString = 847F0A11273522ED00279B06;
			remoteInfo = "WatchOS Workout WatchKit App";
		};
		847F0A1F273522EF00279B06 /* PBXContainerItemProxy */ = {
			isa = PBXContainerItemProxy;
			containerPortal = 847F0A08273522EC00279B06 /* Project object */;
			proxyType = 1;
			remoteGlobalIDString = 847F0A1C273522EF00279B06;
			remoteInfo = "WatchOS Workout WatchKit Extension";
		};
/* End PBXContainerItemProxy section */

/* Begin PBXCopyFilesBuildPhase section */
		847F0A38273522F000279B06 /* Embed App Extensions */ = {
			isa = PBXCopyFilesBuildPhase;
			buildActionMask = 2147483647;
			dstPath = "";
			dstSubfolderSpec = 13;
			files = (
				847F0A1E273522EF00279B06 /* WatchOS Workout WatchKit Extension.appex in Embed App Extensions */,
			);
			name = "Embed App Extensions";
			runOnlyForDeploymentPostprocessing = 0;
		};
		847F0A3C273522F000279B06 /* Embed Watch Content */ = {
			isa = PBXCopyFilesBuildPhase;
			buildActionMask = 2147483647;
			dstPath = "$(CONTENTS_FOLDER_PATH)/Watch";
			dstSubfolderSpec = 16;
			files = (
				847F0A13273522ED00279B06 /* WatchOS Workout WatchKit App.app in Embed Watch Content */,
			);
			name = "Embed Watch Content";
			runOnlyForDeploymentPostprocessing = 0;
		};
/* End PBXCopyFilesBuildPhase section */

/* Begin PBXFileReference section */
		847F0A0E273522EC00279B06 /* WatchOS Workout.app */ = {isa = PBXFileReference; explicitFileType = wrapper.application; includeInIndex = 0; path = "WatchOS Workout.app"; sourceTree = BUILT_PRODUCTS_DIR; };
		847F0A12273522ED00279B06 /* WatchOS Workout WatchKit App.app */ = {isa = PBXFileReference; explicitFileType = wrapper.application; includeInIndex = 0; path = "WatchOS Workout WatchKit App.app"; sourceTree = BUILT_PRODUCTS_DIR; };
		847F0A17273522EE00279B06 /* Assets.xcassets */ = {isa = PBXFileReference; lastKnownFileType = folder.assetcatalog; path = Assets.xcassets; sourceTree = "<group>"; };
		847F0A1D273522EF00279B06 /* WatchOS Workout WatchKit Extension.appex */ = {isa = PBXFileReference; explicitFileType = "wrapper.app-extension"; includeInIndex = 0; path = "WatchOS Workout WatchKit Extension.appex"; sourceTree = BUILT_PRODUCTS_DIR; };
		847F0A22273522EF00279B06 /* WatchOS_WorkoutApp.swift */ = {isa = PBXFileReference; lastKnownFileType = sourcecode.swift; path = WatchOS_WorkoutApp.swift; sourceTree = "<group>"; };
		847F0A24273522EF00279B06 /* StartView.swift */ = {isa = PBXFileReference; lastKnownFileType = sourcecode.swift; path = StartView.swift; sourceTree = "<group>"; };
		847F0A26273522EF00279B06 /* NotificationController.swift */ = {isa = PBXFileReference; lastKnownFileType = sourcecode.swift; path = NotificationController.swift; sourceTree = "<group>"; };
		847F0A28273522EF00279B06 /* NotificationView.swift */ = {isa = PBXFileReference; lastKnownFileType = sourcecode.swift; path = NotificationView.swift; sourceTree = "<group>"; };
		847F0A2A273522EF00279B06 /* ComplicationController.swift */ = {isa = PBXFileReference; lastKnownFileType = sourcecode.swift; path = ComplicationController.swift; sourceTree = "<group>"; };
		847F0A2C273522F000279B06 /* Assets.xcassets */ = {isa = PBXFileReference; lastKnownFileType = folder.assetcatalog; path = Assets.xcassets; sourceTree = "<group>"; };
		847F0A2F273522F000279B06 /* Preview Assets.xcassets */ = {isa = PBXFileReference; lastKnownFileType = folder.assetcatalog; path = "Preview Assets.xcassets"; sourceTree = "<group>"; };
		847F0A31273522F000279B06 /* Info.plist */ = {isa = PBXFileReference; lastKnownFileType = text.plist.xml; path = Info.plist; sourceTree = "<group>"; };
		847F0A32273522F000279B06 /* PushNotificationPayload.apns */ = {isa = PBXFileReference; lastKnownFileType = text; path = PushNotificationPayload.apns; sourceTree = "<group>"; };
		847F0A482735256300279B06 /* HKWorkoutActivityType+Identifiable.swift */ = {isa = PBXFileReference; lastKnownFileType = sourcecode.swift; path = "HKWorkoutActivityType+Identifiable.swift"; sourceTree = "<group>"; };
		847F0A4C2735291800279B06 /* SessionPagingView.swift */ = {isa = PBXFileReference; lastKnownFileType = sourcecode.swift; path = SessionPagingView.swift; sourceTree = "<group>"; };
		847F0A4F273529BD00279B06 /* Tab.swift */ = {isa = PBXFileReference; lastKnownFileType = sourcecode.swift; path = Tab.swift; sourceTree = "<group>"; };
/* End PBXFileReference section */

/* Begin PBXFrameworksBuildPhase section */
		847F0A1A273522EF00279B06 /* Frameworks */ = {
			isa = PBXFrameworksBuildPhase;
			buildActionMask = 2147483647;
			files = (
			);
			runOnlyForDeploymentPostprocessing = 0;
		};
/* End PBXFrameworksBuildPhase section */

/* Begin PBXGroup section */
		847F0A07273522EC00279B06 = {
			isa = PBXGroup;
			children = (
				847F0A16273522ED00279B06 /* WatchOS Workout WatchKit App */,
				847F0A21273522EF00279B06 /* WatchOS Workout WatchKit Extension */,
				847F0A0F273522EC00279B06 /* Products */,
			);
			sourceTree = "<group>";
		};
		847F0A0F273522EC00279B06 /* Products */ = {
			isa = PBXGroup;
			children = (
				847F0A0E273522EC00279B06 /* WatchOS Workout.app */,
				847F0A12273522ED00279B06 /* WatchOS Workout WatchKit App.app */,
				847F0A1D273522EF00279B06 /* WatchOS Workout WatchKit Extension.appex */,
			);
			name = Products;
			sourceTree = "<group>";
		};
		847F0A16273522ED00279B06 /* WatchOS Workout WatchKit App */ = {
			isa = PBXGroup;
			children = (
				847F0A17273522EE00279B06 /* Assets.xcassets */,
			);
			path = "WatchOS Workout WatchKit App";
			sourceTree = "<group>";
		};
		847F0A21273522EF00279B06 /* WatchOS Workout WatchKit Extension */ = {
			isa = PBXGroup;
			children = (
				847F0A4B273528F000279B06 /* Core */,
				847F0A4A273528E600279B06 /* Modules */,
				847F0A442735234D00279B06 /* Servises */,
				847F0A432735233C00279B06 /* Notifications */,
				847F0A422735232700279B06 /* Launch */,
				847F0A412735231700279B06 /* Resources */,
				847F0A402735230900279B06 /* Settings */,
				847F0A2E273522F000279B06 /* Preview Content */,
			);
			path = "WatchOS Workout WatchKit Extension";
			sourceTree = "<group>";
		};
		847F0A2E273522F000279B06 /* Preview Content */ = {
			isa = PBXGroup;
			children = (
				847F0A2F273522F000279B06 /* Preview Assets.xcassets */,
			);
			path = "Preview Content";
			sourceTree = "<group>";
		};
		847F0A402735230900279B06 /* Settings */ = {
			isa = PBXGroup;
			children = (
				847F0A31273522F000279B06 /* Info.plist */,
			);
			path = Settings;
			sourceTree = "<group>";
		};
		847F0A412735231700279B06 /* Resources */ = {
			isa = PBXGroup;
			children = (
				847F0A32273522F000279B06 /* PushNotificationPayload.apns */,
				847F0A2C273522F000279B06 /* Assets.xcassets */,
			);
			path = Resources;
			sourceTree = "<group>";
		};
		847F0A422735232700279B06 /* Launch */ = {
			isa = PBXGroup;
			children = (
				847F0A22273522EF00279B06 /* WatchOS_WorkoutApp.swift */,
			);
			path = Launch;
			sourceTree = "<group>";
		};
		847F0A432735233C00279B06 /* Notifications */ = {
			isa = PBXGroup;
			children = (
				847F0A26273522EF00279B06 /* NotificationController.swift */,
				847F0A28273522EF00279B06 /* NotificationView.swift */,
			);
			path = Notifications;
			sourceTree = "<group>";
		};
		847F0A442735234D00279B06 /* Servises */ = {
			isa = PBXGroup;
			children = (
				847F0A452735235500279B06 /* Clock */,
			);
			path = Servises;
			sourceTree = "<group>";
		};
		847F0A452735235500279B06 /* Clock */ = {
			isa = PBXGroup;
			children = (
				847F0A2A273522EF00279B06 /* ComplicationController.swift */,
			);
			path = Clock;
			sourceTree = "<group>";
		};
		847F0A46273524E500279B06 /* Start */ = {
			isa = PBXGroup;
			children = (
				847F0A24273522EF00279B06 /* StartView.swift */,
			);
			path = Start;
			sourceTree = "<group>";
		};
		847F0A472735254600279B06 /* Extensions */ = {
			isa = PBXGroup;
			children = (
				847F0A482735256300279B06 /* HKWorkoutActivityType+Identifiable.swift */,
			);
			path = Extensions;
			sourceTree = "<group>";
		};
		847F0A4A273528E600279B06 /* Modules */ = {
			isa = PBXGroup;
			children = (
				847F0A5127352B1D00279B06 /* MetricsView */,
				847F0A4E2735297D00279B06 /* SessionPagingView */,
				847F0A46273524E500279B06 /* Start */,
			);
			path = Modules;
			sourceTree = "<group>";
		};
		847F0A4B273528F000279B06 /* Core */ = {
			isa = PBXGroup;
			children = (
				847F0A472735254600279B06 /* Extensions */,
			);
			path = Core;
			sourceTree = "<group>";
		};
		847F0A4E2735297D00279B06 /* SessionPagingView */ = {
			isa = PBXGroup;
			children = (
				847F0A4C2735291800279B06 /* SessionPagingView.swift */,
				847F0A4F273529BD00279B06 /* Tab.swift */,
			);
			path = SessionPagingView;
			sourceTree = "<group>";
		};
		847F0A5127352B1D00279B06 /* MetricsView */ = {
			isa = PBXGroup;
			children = (
			);
			path = MetricsView;
			sourceTree = "<group>";
		};
/* End PBXGroup section */

/* Begin PBXNativeTarget section */
		847F0A0D273522EC00279B06 /* WatchOS Workout */ = {
			isa = PBXNativeTarget;
			buildConfigurationList = 847F0A3D273522F000279B06 /* Build configuration list for PBXNativeTarget "WatchOS Workout" */;
			buildPhases = (
				847F0A0C273522EC00279B06 /* Resources */,
				847F0A3C273522F000279B06 /* Embed Watch Content */,
			);
			buildRules = (
			);
			dependencies = (
				847F0A15273522ED00279B06 /* PBXTargetDependency */,
			);
			name = "WatchOS Workout";
			productName = "WatchOS Workout";
			productReference = 847F0A0E273522EC00279B06 /* WatchOS Workout.app */;
			productType = "com.apple.product-type.application.watchapp2-container";
		};
		847F0A11273522ED00279B06 /* WatchOS Workout WatchKit App */ = {
			isa = PBXNativeTarget;
			buildConfigurationList = 847F0A39273522F000279B06 /* Build configuration list for PBXNativeTarget "WatchOS Workout WatchKit App" */;
			buildPhases = (
				847F0A10273522ED00279B06 /* Resources */,
				847F0A38273522F000279B06 /* Embed App Extensions */,
			);
			buildRules = (
			);
			dependencies = (
				847F0A20273522EF00279B06 /* PBXTargetDependency */,
			);
			name = "WatchOS Workout WatchKit App";
			productName = "WatchOS Workout WatchKit App";
			productReference = 847F0A12273522ED00279B06 /* WatchOS Workout WatchKit App.app */;
			productType = "com.apple.product-type.application.watchapp2";
		};
		847F0A1C273522EF00279B06 /* WatchOS Workout WatchKit Extension */ = {
			isa = PBXNativeTarget;
			buildConfigurationList = 847F0A35273522F000279B06 /* Build configuration list for PBXNativeTarget "WatchOS Workout WatchKit Extension" */;
			buildPhases = (
				847F0A19273522EF00279B06 /* Sources */,
				847F0A1A273522EF00279B06 /* Frameworks */,
				847F0A1B273522EF00279B06 /* Resources */,
			);
			buildRules = (
			);
			dependencies = (
			);
			name = "WatchOS Workout WatchKit Extension";
			productName = "WatchOS Workout WatchKit Extension";
			productReference = 847F0A1D273522EF00279B06 /* WatchOS Workout WatchKit Extension.appex */;
			productType = "com.apple.product-type.watchkit2-extension";
		};
/* End PBXNativeTarget section */

/* Begin PBXProject section */
		847F0A08273522EC00279B06 /* Project object */ = {
			isa = PBXProject;
			attributes = {
				BuildIndependentTargetsInParallel = 1;
				LastSwiftUpdateCheck = 1310;
				LastUpgradeCheck = 1310;
				TargetAttributes = {
					847F0A0D273522EC00279B06 = {
						CreatedOnToolsVersion = 13.1;
					};
					847F0A11273522ED00279B06 = {
						CreatedOnToolsVersion = 13.1;
					};
					847F0A1C273522EF00279B06 = {
						CreatedOnToolsVersion = 13.1;
					};
				};
			};
			buildConfigurationList = 847F0A0B273522EC00279B06 /* Build configuration list for PBXProject "WatchOS Workout" */;
			compatibilityVersion = "Xcode 13.0";
			developmentRegion = en;
			hasScannedForEncodings = 0;
			knownRegions = (
				en,
				Base,
			);
			mainGroup = 847F0A07273522EC00279B06;
			productRefGroup = 847F0A0F273522EC00279B06 /* Products */;
			projectDirPath = "";
			projectRoot = "";
			targets = (
				847F0A0D273522EC00279B06 /* WatchOS Workout */,
				847F0A11273522ED00279B06 /* WatchOS Workout WatchKit App */,
				847F0A1C273522EF00279B06 /* WatchOS Workout WatchKit Extension */,
			);
		};
/* End PBXProject section */

/* Begin PBXResourcesBuildPhase section */
		847F0A0C273522EC00279B06 /* Resources */ = {
			isa = PBXResourcesBuildPhase;
			buildActionMask = 2147483647;
			files = (
			);
			runOnlyForDeploymentPostprocessing = 0;
		};
		847F0A10273522ED00279B06 /* Resources */ = {
			isa = PBXResourcesBuildPhase;
			buildActionMask = 2147483647;
			files = (
				847F0A18273522EE00279B06 /* Assets.xcassets in Resources */,
			);
			runOnlyForDeploymentPostprocessing = 0;
		};
		847F0A1B273522EF00279B06 /* Resources */ = {
			isa = PBXResourcesBuildPhase;
			buildActionMask = 2147483647;
			files = (
				847F0A30273522F000279B06 /* Preview Assets.xcassets in Resources */,
				847F0A2D273522F000279B06 /* Assets.xcassets in Resources */,
			);
			runOnlyForDeploymentPostprocessing = 0;
		};
/* End PBXResourcesBuildPhase section */

/* Begin PBXSourcesBuildPhase section */
		847F0A19273522EF00279B06 /* Sources */ = {
			isa = PBXSourcesBuildPhase;
			buildActionMask = 2147483647;
			files = (
				847F0A4D2735291800279B06 /* SessionPagingView.swift in Sources */,
				847F0A27273522EF00279B06 /* NotificationController.swift in Sources */,
				847F0A25273522EF00279B06 /* StartView.swift in Sources */,
				847F0A50273529BD00279B06 /* Tab.swift in Sources */,
				847F0A2B273522EF00279B06 /* ComplicationController.swift in Sources */,
				847F0A492735256300279B06 /* HKWorkoutActivityType+Identifiable.swift in Sources */,
				847F0A23273522EF00279B06 /* WatchOS_WorkoutApp.swift in Sources */,
				847F0A29273522EF00279B06 /* NotificationView.swift in Sources */,
			);
			runOnlyForDeploymentPostprocessing = 0;
		};
/* End PBXSourcesBuildPhase section */

/* Begin PBXTargetDependency section */
		847F0A15273522ED00279B06 /* PBXTargetDependency */ = {
			isa = PBXTargetDependency;
			target = 847F0A11273522ED00279B06 /* WatchOS Workout WatchKit App */;
			targetProxy = 847F0A14273522ED00279B06 /* PBXContainerItemProxy */;
		};
		847F0A20273522EF00279B06 /* PBXTargetDependency */ = {
			isa = PBXTargetDependency;
			target = 847F0A1C273522EF00279B06 /* WatchOS Workout WatchKit Extension */;
			targetProxy = 847F0A1F273522EF00279B06 /* PBXContainerItemProxy */;
		};
/* End PBXTargetDependency section */

/* Begin XCBuildConfiguration section */
		847F0A33273522F000279B06 /* Debug */ = {
			isa = XCBuildConfiguration;
			buildSettings = {
				ALWAYS_SEARCH_USER_PATHS = NO;
				CLANG_ANALYZER_NONNULL = YES;
				CLANG_ANALYZER_NUMBER_OBJECT_CONVERSION = YES_AGGRESSIVE;
				CLANG_CXX_LANGUAGE_STANDARD = "gnu++17";
				CLANG_CXX_LIBRARY = "libc++";
				CLANG_ENABLE_MODULES = YES;
				CLANG_ENABLE_OBJC_ARC = YES;
				CLANG_ENABLE_OBJC_WEAK = YES;
				CLANG_WARN_BLOCK_CAPTURE_AUTORELEASING = YES;
				CLANG_WARN_BOOL_CONVERSION = YES;
				CLANG_WARN_COMMA = YES;
				CLANG_WARN_CONSTANT_CONVERSION = YES;
				CLANG_WARN_DEPRECATED_OBJC_IMPLEMENTATIONS = YES;
				CLANG_WARN_DIRECT_OBJC_ISA_USAGE = YES_ERROR;
				CLANG_WARN_DOCUMENTATION_COMMENTS = YES;
				CLANG_WARN_EMPTY_BODY = YES;
				CLANG_WARN_ENUM_CONVERSION = YES;
				CLANG_WARN_INFINITE_RECURSION = YES;
				CLANG_WARN_INT_CONVERSION = YES;
				CLANG_WARN_NON_LITERAL_NULL_CONVERSION = YES;
				CLANG_WARN_OBJC_IMPLICIT_RETAIN_SELF = YES;
				CLANG_WARN_OBJC_LITERAL_CONVERSION = YES;
				CLANG_WARN_OBJC_ROOT_CLASS = YES_ERROR;
				CLANG_WARN_QUOTED_INCLUDE_IN_FRAMEWORK_HEADER = YES;
				CLANG_WARN_RANGE_LOOP_ANALYSIS = YES;
				CLANG_WARN_STRICT_PROTOTYPES = YES;
				CLANG_WARN_SUSPICIOUS_MOVE = YES;
				CLANG_WARN_UNGUARDED_AVAILABILITY = YES_AGGRESSIVE;
				CLANG_WARN_UNREACHABLE_CODE = YES;
				CLANG_WARN__DUPLICATE_METHOD_MATCH = YES;
				COPY_PHASE_STRIP = NO;
				DEBUG_INFORMATION_FORMAT = dwarf;
				ENABLE_STRICT_OBJC_MSGSEND = YES;
				ENABLE_TESTABILITY = YES;
				GCC_C_LANGUAGE_STANDARD = gnu11;
				GCC_DYNAMIC_NO_PIC = NO;
				GCC_NO_COMMON_BLOCKS = YES;
				GCC_OPTIMIZATION_LEVEL = 0;
				GCC_PREPROCESSOR_DEFINITIONS = (
					"DEBUG=1",
					"$(inherited)",
				);
				GCC_WARN_64_TO_32_BIT_CONVERSION = YES;
				GCC_WARN_ABOUT_RETURN_TYPE = YES_ERROR;
				GCC_WARN_UNDECLARED_SELECTOR = YES;
				GCC_WARN_UNINITIALIZED_AUTOS = YES_AGGRESSIVE;
				GCC_WARN_UNUSED_FUNCTION = YES;
				GCC_WARN_UNUSED_VARIABLE = YES;
				IPHONEOS_DEPLOYMENT_TARGET = 14.0;
				MTL_ENABLE_DEBUG_INFO = INCLUDE_SOURCE;
				MTL_FAST_MATH = YES;
				ONLY_ACTIVE_ARCH = YES;
				SDKROOT = iphoneos;
				SWIFT_ACTIVE_COMPILATION_CONDITIONS = DEBUG;
				SWIFT_OPTIMIZATION_LEVEL = "-Onone";
			};
			name = Debug;
		};
		847F0A34273522F000279B06 /* Release */ = {
			isa = XCBuildConfiguration;
			buildSettings = {
				ALWAYS_SEARCH_USER_PATHS = NO;
				CLANG_ANALYZER_NONNULL = YES;
				CLANG_ANALYZER_NUMBER_OBJECT_CONVERSION = YES_AGGRESSIVE;
				CLANG_CXX_LANGUAGE_STANDARD = "gnu++17";
				CLANG_CXX_LIBRARY = "libc++";
				CLANG_ENABLE_MODULES = YES;
				CLANG_ENABLE_OBJC_ARC = YES;
				CLANG_ENABLE_OBJC_WEAK = YES;
				CLANG_WARN_BLOCK_CAPTURE_AUTORELEASING = YES;
				CLANG_WARN_BOOL_CONVERSION = YES;
				CLANG_WARN_COMMA = YES;
				CLANG_WARN_CONSTANT_CONVERSION = YES;
				CLANG_WARN_DEPRECATED_OBJC_IMPLEMENTATIONS = YES;
				CLANG_WARN_DIRECT_OBJC_ISA_USAGE = YES_ERROR;
				CLANG_WARN_DOCUMENTATION_COMMENTS = YES;
				CLANG_WARN_EMPTY_BODY = YES;
				CLANG_WARN_ENUM_CONVERSION = YES;
				CLANG_WARN_INFINITE_RECURSION = YES;
				CLANG_WARN_INT_CONVERSION = YES;
				CLANG_WARN_NON_LITERAL_NULL_CONVERSION = YES;
				CLANG_WARN_OBJC_IMPLICIT_RETAIN_SELF = YES;
				CLANG_WARN_OBJC_LITERAL_CONVERSION = YES;
				CLANG_WARN_OBJC_ROOT_CLASS = YES_ERROR;
				CLANG_WARN_QUOTED_INCLUDE_IN_FRAMEWORK_HEADER = YES;
				CLANG_WARN_RANGE_LOOP_ANALYSIS = YES;
				CLANG_WARN_STRICT_PROTOTYPES = YES;
				CLANG_WARN_SUSPICIOUS_MOVE = YES;
				CLANG_WARN_UNGUARDED_AVAILABILITY = YES_AGGRESSIVE;
				CLANG_WARN_UNREACHABLE_CODE = YES;
				CLANG_WARN__DUPLICATE_METHOD_MATCH = YES;
				COPY_PHASE_STRIP = NO;
				DEBUG_INFORMATION_FORMAT = "dwarf-with-dsym";
				ENABLE_NS_ASSERTIONS = NO;
				ENABLE_STRICT_OBJC_MSGSEND = YES;
				GCC_C_LANGUAGE_STANDARD = gnu11;
				GCC_NO_COMMON_BLOCKS = YES;
				GCC_WARN_64_TO_32_BIT_CONVERSION = YES;
				GCC_WARN_ABOUT_RETURN_TYPE = YES_ERROR;
				GCC_WARN_UNDECLARED_SELECTOR = YES;
				GCC_WARN_UNINITIALIZED_AUTOS = YES_AGGRESSIVE;
				GCC_WARN_UNUSED_FUNCTION = YES;
				GCC_WARN_UNUSED_VARIABLE = YES;
				IPHONEOS_DEPLOYMENT_TARGET = 14.0;
				MTL_ENABLE_DEBUG_INFO = NO;
				MTL_FAST_MATH = YES;
				SDKROOT = iphoneos;
				SWIFT_COMPILATION_MODE = wholemodule;
				SWIFT_OPTIMIZATION_LEVEL = "-O";
				VALIDATE_PRODUCT = YES;
			};
			name = Release;
		};
		847F0A36273522F000279B06 /* Debug */ = {
			isa = XCBuildConfiguration;
			buildSettings = {
				ASSETCATALOG_COMPILER_COMPLICATION_NAME = Complication;
				CODE_SIGN_STYLE = Automatic;
				CURRENT_PROJECT_VERSION = 1;
				DEVELOPMENT_ASSET_PATHS = "\"WatchOS Workout WatchKit Extension/Preview Content\"";
				DEVELOPMENT_TEAM = 2X76T92HD6;
				ENABLE_PREVIEWS = YES;
				GENERATE_INFOPLIST_FILE = YES;
				INFOPLIST_FILE = "WatchOS Workout WatchKit Extension/Settings/Info.plist";
				INFOPLIST_KEY_CFBundleDisplayName = "WatchOS Workout WatchKit Extension";
				INFOPLIST_KEY_CLKComplicationPrincipalClass = "$(PRODUCT_MODULE_NAME).ComplicationController";
				INFOPLIST_KEY_NSHumanReadableCopyright = "";
				INFOPLIST_KEY_WKWatchOnly = YES;
				LD_RUNPATH_SEARCH_PATHS = (
					"$(inherited)",
					"@executable_path/Frameworks",
					"@executable_path/../../Frameworks",
				);
				MARKETING_VERSION = 1.0;
				PRODUCT_BUNDLE_IDENTIFIER = "com.ua.a5.WatchOS-Workout.watchkitapp.watchkitextension";
				PRODUCT_NAME = "${TARGET_NAME}";
				SDKROOT = watchos;
				SKIP_INSTALL = YES;
				SWIFT_EMIT_LOC_STRINGS = YES;
				SWIFT_VERSION = 5.0;
				TARGETED_DEVICE_FAMILY = 4;
				WATCHOS_DEPLOYMENT_TARGET = 8.0;
			};
			name = Debug;
		};
		847F0A37273522F000279B06 /* Release */ = {
			isa = XCBuildConfiguration;
			buildSettings = {
				ASSETCATALOG_COMPILER_COMPLICATION_NAME = Complication;
				CODE_SIGN_STYLE = Automatic;
				CURRENT_PROJECT_VERSION = 1;
				DEVELOPMENT_ASSET_PATHS = "\"WatchOS Workout WatchKit Extension/Preview Content\"";
				DEVELOPMENT_TEAM = 2X76T92HD6;
				ENABLE_PREVIEWS = YES;
				GENERATE_INFOPLIST_FILE = YES;
				INFOPLIST_FILE = "WatchOS Workout WatchKit Extension/Settings/Info.plist";
				INFOPLIST_KEY_CFBundleDisplayName = "WatchOS Workout WatchKit Extension";
				INFOPLIST_KEY_CLKComplicationPrincipalClass = "$(PRODUCT_MODULE_NAME).ComplicationController";
				INFOPLIST_KEY_NSHumanReadableCopyright = "";
				INFOPLIST_KEY_WKWatchOnly = YES;
				LD_RUNPATH_SEARCH_PATHS = (
					"$(inherited)",
					"@executable_path/Frameworks",
					"@executable_path/../../Frameworks",
				);
				MARKETING_VERSION = 1.0;
				PRODUCT_BUNDLE_IDENTIFIER = "com.ua.a5.WatchOS-Workout.watchkitapp.watchkitextension";
				PRODUCT_NAME = "${TARGET_NAME}";
				SDKROOT = watchos;
				SKIP_INSTALL = YES;
				SWIFT_EMIT_LOC_STRINGS = YES;
				SWIFT_VERSION = 5.0;
				TARGETED_DEVICE_FAMILY = 4;
				WATCHOS_DEPLOYMENT_TARGET = 8.0;
			};
			name = Release;
		};
		847F0A3A273522F000279B06 /* Debug */ = {
			isa = XCBuildConfiguration;
			buildSettings = {
				ALWAYS_EMBED_SWIFT_STANDARD_LIBRARIES = YES;
				ASSETCATALOG_COMPILER_APPICON_NAME = AppIcon;
				ASSETCATALOG_COMPILER_GLOBAL_ACCENT_COLOR_NAME = AccentColor;
				CODE_SIGN_STYLE = Automatic;
				CURRENT_PROJECT_VERSION = 1;
				DEVELOPMENT_TEAM = 2X76T92HD6;
				GENERATE_INFOPLIST_FILE = YES;
				IBSC_MODULE = WatchOS_Workout_WatchKit_Extension;
				INFOPLIST_KEY_CFBundleDisplayName = "WatchOS Workout WatchKit App";
				INFOPLIST_KEY_UISupportedInterfaceOrientations = "UIInterfaceOrientationPortrait UIInterfaceOrientationPortraitUpsideDown";
				MARKETING_VERSION = 1.0;
				PRODUCT_BUNDLE_IDENTIFIER = "com.ua.a5.WatchOS-Workout.watchkitapp";
				PRODUCT_NAME = "$(TARGET_NAME)";
				SDKROOT = watchos;
				SKIP_INSTALL = YES;
				SWIFT_EMIT_LOC_STRINGS = YES;
				SWIFT_VERSION = 5.0;
				TARGETED_DEVICE_FAMILY = 4;
				WATCHOS_DEPLOYMENT_TARGET = 8.0;
			};
			name = Debug;
		};
		847F0A3B273522F000279B06 /* Release */ = {
			isa = XCBuildConfiguration;
			buildSettings = {
				ALWAYS_EMBED_SWIFT_STANDARD_LIBRARIES = YES;
				ASSETCATALOG_COMPILER_APPICON_NAME = AppIcon;
				ASSETCATALOG_COMPILER_GLOBAL_ACCENT_COLOR_NAME = AccentColor;
				CODE_SIGN_STYLE = Automatic;
				CURRENT_PROJECT_VERSION = 1;
				DEVELOPMENT_TEAM = 2X76T92HD6;
				GENERATE_INFOPLIST_FILE = YES;
				IBSC_MODULE = WatchOS_Workout_WatchKit_Extension;
				INFOPLIST_KEY_CFBundleDisplayName = "WatchOS Workout WatchKit App";
				INFOPLIST_KEY_UISupportedInterfaceOrientations = "UIInterfaceOrientationPortrait UIInterfaceOrientationPortraitUpsideDown";
				MARKETING_VERSION = 1.0;
				PRODUCT_BUNDLE_IDENTIFIER = "com.ua.a5.WatchOS-Workout.watchkitapp";
				PRODUCT_NAME = "$(TARGET_NAME)";
				SDKROOT = watchos;
				SKIP_INSTALL = YES;
				SWIFT_EMIT_LOC_STRINGS = YES;
				SWIFT_VERSION = 5.0;
				TARGETED_DEVICE_FAMILY = 4;
				WATCHOS_DEPLOYMENT_TARGET = 8.0;
			};
			name = Release;
		};
		847F0A3E273522F000279B06 /* Debug */ = {
			isa = XCBuildConfiguration;
			buildSettings = {
				CODE_SIGN_STYLE = Automatic;
				CURRENT_PROJECT_VERSION = 1;
				DEVELOPMENT_TEAM = 2X76T92HD6;
				MARKETING_VERSION = 1.0;
				PRODUCT_BUNDLE_IDENTIFIER = "com.ua.a5.WatchOS-Workout";
				PRODUCT_NAME = "$(TARGET_NAME)";
				SWIFT_VERSION = 5.0;
			};
			name = Debug;
		};
		847F0A3F273522F000279B06 /* Release */ = {
			isa = XCBuildConfiguration;
			buildSettings = {
				CODE_SIGN_STYLE = Automatic;
				CURRENT_PROJECT_VERSION = 1;
				DEVELOPMENT_TEAM = 2X76T92HD6;
				MARKETING_VERSION = 1.0;
				PRODUCT_BUNDLE_IDENTIFIER = "com.ua.a5.WatchOS-Workout";
				PRODUCT_NAME = "$(TARGET_NAME)";
				SWIFT_VERSION = 5.0;
			};
			name = Release;
		};
/* End XCBuildConfiguration section */

/* Begin XCConfigurationList section */
		847F0A0B273522EC00279B06 /* Build configuration list for PBXProject "WatchOS Workout" */ = {
			isa = XCConfigurationList;
			buildConfigurations = (
				847F0A33273522F000279B06 /* Debug */,
				847F0A34273522F000279B06 /* Release */,
			);
			defaultConfigurationIsVisible = 0;
			defaultConfigurationName = Release;
		};
		847F0A35273522F000279B06 /* Build configuration list for PBXNativeTarget "WatchOS Workout WatchKit Extension" */ = {
			isa = XCConfigurationList;
			buildConfigurations = (
				847F0A36273522F000279B06 /* Debug */,
				847F0A37273522F000279B06 /* Release */,
			);
			defaultConfigurationIsVisible = 0;
			defaultConfigurationName = Release;
		};
		847F0A39273522F000279B06 /* Build configuration list for PBXNativeTarget "WatchOS Workout WatchKit App" */ = {
			isa = XCConfigurationList;
			buildConfigurations = (
				847F0A3A273522F000279B06 /* Debug */,
				847F0A3B273522F000279B06 /* Release */,
			);
			defaultConfigurationIsVisible = 0;
			defaultConfigurationName = Release;
		};
		847F0A3D273522F000279B06 /* Build configuration list for PBXNativeTarget "WatchOS Workout" */ = {
			isa = XCConfigurationList;
			buildConfigurations = (
				847F0A3E273522F000279B06 /* Debug */,
				847F0A3F273522F000279B06 /* Release */,
			);
			defaultConfigurationIsVisible = 0;
			defaultConfigurationName = Release;
		};
/* End XCConfigurationList section */
	};
	rootObject = 847F0A08273522EC00279B06 /* Project object */;
}
